PODS:
  - FMDB (2.6):
    - FMDB/standard (= 2.6)
  - FMDB/standard (2.6)
  - NHBottomLoadingView (0.5.0)
  - NHRefreshView (0.5.0)
  - NMessengerController (0.5.0)
  - NTextView (0.1.0)

DEPENDENCIES:
  - FMDB
  - NHBottomLoadingView (from `https://github.com/naithar/NHBottomLoadingView.git`)
  - NHRefreshView (from `https://github.com/naithar/NHRefreshView.git`)
  - NMessengerController (from `https://github.com/naithar/NMessengerController.git`)
  - NTextView (from `https://github.com/naithar/NTextView.git`)

EXTERNAL SOURCES:
  NHBottomLoadingView:
    :git: https://github.com/naithar/NHBottomLoadingView.git
  NHRefreshView:
    :git: https://github.com/naithar/NHRefreshView.git
  NMessengerController:
    :git: https://github.com/naithar/NMessengerController.git
  NTextView:
    :git: https://github.com/naithar/NTextView.git

CHECKOUT OPTIONS:
  NHBottomLoadingView:
    :commit: ebaaba7f4d91874cb17251c506338d3ea28e071e
    :git: https://github.com/naithar/NHBottomLoadingView.git
  NHRefreshView:
    :commit: 10af8496ea76957875650dc28071b6a9720be493
    :git: https://github.com/naithar/NHRefreshView.git
  NMessengerController:
    :commit: cc9adbf52ac763102fbc8def57b5fcbe6a920bd0
    :git: https://github.com/naithar/NMessengerController.git
  NTextView:
    :commit: c623186fd26212084abadc65c34cac7fe1799b68
    :git: https://github.com/naithar/NTextView.git

SPEC CHECKSUMS:
  FMDB: c1968bab3ab0aed38f66cb778ae1e7fa9a652b6e
  NHBottomLoadingView: 22922a31f226303d408983e80cc369e4e2670d46
  NHRefreshView: 128574bf5445a8a5763e4ed010fae2b17f9f3aac
  NMessengerController: 975bdea3f9edfd4e554d84a911f8cd9e43aaf0d6
  NTextView: 45d3093b8285f1508e5f92f375fcd780ada9a011

COCOAPODS: 0.39.0
